
Microsoft Visual Studio Solution File, Format Version 12.00
# Visual Studio 2013
VisualStudioVersion = 12.0.40629.0
MinimumVisualStudioVersion = 10.0.40219.1
Project("{F14B399A-7131-4C87-9E4B-1186C45EF12D}") = "CalvaryReport", "CalvaryReport\CalvaryReport.rptproj", "{F6BFF509-6F0C-4D0A-9F9A-E79196D70C14}"
EndProject
Global
	GlobalSection(SolutionConfigurationPlatforms) = preSolution
		Debug|Default = Debug|Default
		DebugLocal|Default = DebugLocal|Default
		Release|Default = Release|Default
	EndGlobalSection
	GlobalSection(ProjectConfigurationPlatforms) = postSolution
		{F6BFF509-6F0C-4D0A-9F9A-E79196D70C14}.Debug|Default.ActiveCfg = Debug
		{F6BFF509-6F0C-4D0A-9F9A-E79196D70C14}.Debug|Default.Build.0 = Debug
		{F6BFF509-6F0C-4D0A-9F9A-E79196D70C14}.Debug|Default.Deploy.0 = Debug
		{F6BFF509-6F0C-4D0A-9F9A-E79196D70C14}.DebugLocal|Default.ActiveCfg = DebugLocal
		{F6BFF509-6F0C-4D0A-9F9A-E79196D70C14}.DebugLocal|Default.Build.0 = DebugLocal
		{F6BFF509-6F0C-4D0A-9F9A-E79196D70C14}.Release|Default.ActiveCfg = Release
		{F6BFF509-6F0C-4D0A-9F9A-E79196D70C14}.Release|Default.Build.0 = Release
		{F6BFF509-6F0C-4D0A-9F9A-E79196D70C14}.Release|Default.Deploy.0 = Release
	EndGlobalSection
	GlobalSection(SolutionProperties) = preSolution
		HideSolutionNode = FALSE
	EndGlobalSection
EndGlobal
